// !$*UTF8*$!
{
	archiveVersion = 1;
	classes = {
	};
	objectVersion = 48;
	objects = {

/* Begin PBXBuildFile section */
		0816C1862137542000AF3F87 /* ORCmdLineArgs.m in Sources */ = {isa = PBXBuildFile; fileRef = 5BD8BEFC20EFB2DA00AF6787 /* ORCmdLineArgs.m */; };
		0816C1892137542000AF3F87 /* CPUKernel.framework in Frameworks */ = {isa = PBXBuildFile; fileRef = 5BD8BEF020EFB26700AF6787 /* CPUKernel.framework */; };
		0816C18A2137542000AF3F87 /* objcp.framework in Frameworks */ = {isa = PBXBuildFile; fileRef = 5BD8BEF220EFB26700AF6787 /* objcp.framework */; };
		0816C18B2137542000AF3F87 /* ORFoundation.framework in Frameworks */ = {isa = PBXBuildFile; fileRef = 5BD8BEF420EFB26700AF6787 /* ORFoundation.framework */; };
		0816C18C2137542000AF3F87 /* ORModeling.framework in Frameworks */ = {isa = PBXBuildFile; fileRef = 5BD8BEF620EFB26700AF6787 /* ORModeling.framework */; };
		0816C18D2137542000AF3F87 /* ORProgram.framework in Frameworks */ = {isa = PBXBuildFile; fileRef = 5BD8BEF820EFB26700AF6787 /* ORProgram.framework */; };
		0816C18E2137542000AF3F87 /* ORUtilities.framework in Frameworks */ = {isa = PBXBuildFile; fileRef = 5BD8BEFA20EFB26700AF6787 /* ORUtilities.framework */; };
		0816C1942137543000AF3F87 /* main.m in Sources */ = {isa = PBXBuildFile; fileRef = 0816C17F2137541700AF3F87 /* main.m */; };
		08A8B4C32143088500FFB89F /* ORCmdLineArgs.m in Sources */ = {isa = PBXBuildFile; fileRef = 5BD8BEFC20EFB2DA00AF6787 /* ORCmdLineArgs.m */; };
		08A8B4C52143088500FFB89F /* CPUKernel.framework in Frameworks */ = {isa = PBXBuildFile; fileRef = 5BD8BEF020EFB26700AF6787 /* CPUKernel.framework */; };
		08A8B4C62143088500FFB89F /* objcp.framework in Frameworks */ = {isa = PBXBuildFile; fileRef = 5BD8BEF220EFB26700AF6787 /* objcp.framework */; };
		08A8B4C72143088500FFB89F /* ORFoundation.framework in Frameworks */ = {isa = PBXBuildFile; fileRef = 5BD8BEF420EFB26700AF6787 /* ORFoundation.framework */; };
		08A8B4C82143088500FFB89F /* ORModeling.framework in Frameworks */ = {isa = PBXBuildFile; fileRef = 5BD8BEF620EFB26700AF6787 /* ORModeling.framework */; };
		08A8B4C92143088500FFB89F /* ORProgram.framework in Frameworks */ = {isa = PBXBuildFile; fileRef = 5BD8BEF820EFB26700AF6787 /* ORProgram.framework */; };
		08A8B4CA2143088500FFB89F /* ORUtilities.framework in Frameworks */ = {isa = PBXBuildFile; fileRef = 5BD8BEFA20EFB26700AF6787 /* ORUtilities.framework */; };
		08A8B4D02143089A00FFB89F /* main.m in Sources */ = {isa = PBXBuildFile; fileRef = 08A8B4BB2143087000FFB89F /* main.m */; };
		08C53F8B2140932100A8271C /* ORCmdLineArgs.m in Sources */ = {isa = PBXBuildFile; fileRef = 5BD8BEFC20EFB2DA00AF6787 /* ORCmdLineArgs.m */; };
		08C53F8D2140932100A8271C /* CPUKernel.framework in Frameworks */ = {isa = PBXBuildFile; fileRef = 5BD8BEF020EFB26700AF6787 /* CPUKernel.framework */; };
		08C53F8E2140932100A8271C /* objcp.framework in Frameworks */ = {isa = PBXBuildFile; fileRef = 5BD8BEF220EFB26700AF6787 /* objcp.framework */; };
		08C53F8F2140932100A8271C /* ORFoundation.framework in Frameworks */ = {isa = PBXBuildFile; fileRef = 5BD8BEF420EFB26700AF6787 /* ORFoundation.framework */; };
		08C53F902140932100A8271C /* ORModeling.framework in Frameworks */ = {isa = PBXBuildFile; fileRef = 5BD8BEF620EFB26700AF6787 /* ORModeling.framework */; };
		08C53F912140932100A8271C /* ORProgram.framework in Frameworks */ = {isa = PBXBuildFile; fileRef = 5BD8BEF820EFB26700AF6787 /* ORProgram.framework */; };
		08C53F922140932100A8271C /* ORUtilities.framework in Frameworks */ = {isa = PBXBuildFile; fileRef = 5BD8BEFA20EFB26700AF6787 /* ORUtilities.framework */; };
		08C53F982140933F00A8271C /* main.m in Sources */ = {isa = PBXBuildFile; fileRef = 08C53F83214092F500A8271C /* main.m */; };
		08F7EF10213EABAB00AD66D4 /* ORCmdLineArgs.m in Sources */ = {isa = PBXBuildFile; fileRef = 5BD8BEFC20EFB2DA00AF6787 /* ORCmdLineArgs.m */; };
		08F7EF12213EABAB00AD66D4 /* CPUKernel.framework in Frameworks */ = {isa = PBXBuildFile; fileRef = 5BD8BEF020EFB26700AF6787 /* CPUKernel.framework */; };
		08F7EF13213EABAB00AD66D4 /* objcp.framework in Frameworks */ = {isa = PBXBuildFile; fileRef = 5BD8BEF220EFB26700AF6787 /* objcp.framework */; };
		08F7EF14213EABAB00AD66D4 /* ORFoundation.framework in Frameworks */ = {isa = PBXBuildFile; fileRef = 5BD8BEF420EFB26700AF6787 /* ORFoundation.framework */; };
		08F7EF15213EABAB00AD66D4 /* ORModeling.framework in Frameworks */ = {isa = PBXBuildFile; fileRef = 5BD8BEF620EFB26700AF6787 /* ORModeling.framework */; };
		08F7EF16213EABAB00AD66D4 /* ORProgram.framework in Frameworks */ = {isa = PBXBuildFile; fileRef = 5BD8BEF820EFB26700AF6787 /* ORProgram.framework */; };
		08F7EF17213EABAB00AD66D4 /* ORUtilities.framework in Frameworks */ = {isa = PBXBuildFile; fileRef = 5BD8BEFA20EFB26700AF6787 /* ORUtilities.framework */; };
		08F7EF1D213EABBF00AD66D4 /* main.m in Sources */ = {isa = PBXBuildFile; fileRef = 08F7EF08213EAB9E00AD66D4 /* main.m */; };
		5BD8BEEB20EFAEA500AF6787 /* main.m in Sources */ = {isa = PBXBuildFile; fileRef = 5BD8BEEA20EFAEA500AF6787 /* main.m */; };
		5BD8BEF120EFB26700AF6787 /* CPUKernel.framework in Frameworks */ = {isa = PBXBuildFile; fileRef = 5BD8BEF020EFB26700AF6787 /* CPUKernel.framework */; };
		5BD8BEF320EFB26700AF6787 /* objcp.framework in Frameworks */ = {isa = PBXBuildFile; fileRef = 5BD8BEF220EFB26700AF6787 /* objcp.framework */; };
		5BD8BEF520EFB26700AF6787 /* ORFoundation.framework in Frameworks */ = {isa = PBXBuildFile; fileRef = 5BD8BEF420EFB26700AF6787 /* ORFoundation.framework */; };
		5BD8BEF720EFB26700AF6787 /* ORModeling.framework in Frameworks */ = {isa = PBXBuildFile; fileRef = 5BD8BEF620EFB26700AF6787 /* ORModeling.framework */; };
		5BD8BEF920EFB26700AF6787 /* ORProgram.framework in Frameworks */ = {isa = PBXBuildFile; fileRef = 5BD8BEF820EFB26700AF6787 /* ORProgram.framework */; };
		5BD8BEFB20EFB26700AF6787 /* ORUtilities.framework in Frameworks */ = {isa = PBXBuildFile; fileRef = 5BD8BEFA20EFB26700AF6787 /* ORUtilities.framework */; };
		5BD8BEFD20EFB2DB00AF6787 /* ORCmdLineArgs.m in Sources */ = {isa = PBXBuildFile; fileRef = 5BD8BEFC20EFB2DA00AF6787 /* ORCmdLineArgs.m */; };
/* End PBXBuildFile section */

/* Begin PBXCopyFilesBuildPhase section */
		0816C18F2137542000AF3F87 /* CopyFiles */ = {
			isa = PBXCopyFilesBuildPhase;
			buildActionMask = 2147483647;
			dstPath = /usr/share/man/man1/;
			dstSubfolderSpec = 0;
			files = (
			);
			runOnlyForDeploymentPostprocessing = 1;
		};
		08A8B4CB2143088500FFB89F /* CopyFiles */ = {
			isa = PBXCopyFilesBuildPhase;
			buildActionMask = 2147483647;
			dstPath = /usr/share/man/man1/;
			dstSubfolderSpec = 0;
			files = (
			);
			runOnlyForDeploymentPostprocessing = 1;
		};
		08C53F932140932100A8271C /* CopyFiles */ = {
			isa = PBXCopyFilesBuildPhase;
			buildActionMask = 2147483647;
			dstPath = /usr/share/man/man1/;
			dstSubfolderSpec = 0;
			files = (
			);
			runOnlyForDeploymentPostprocessing = 1;
		};
		08F7EF18213EABAB00AD66D4 /* CopyFiles */ = {
			isa = PBXCopyFilesBuildPhase;
			buildActionMask = 2147483647;
			dstPath = /usr/share/man/man1/;
			dstSubfolderSpec = 0;
			files = (
			);
			runOnlyForDeploymentPostprocessing = 1;
		};
		5BD8BEE620EFAEA500AF6787 /* CopyFiles */ = {
			isa = PBXCopyFilesBuildPhase;
			buildActionMask = 2147483647;
			dstPath = /usr/share/man/man1/;
			dstSubfolderSpec = 0;
			files = (
			);
			runOnlyForDeploymentPostprocessing = 1;
		};
/* End PBXCopyFilesBuildPhase section */

/* Begin PBXFileReference section */
		0816C17F2137541700AF3F87 /* main.m */ = {isa = PBXFileReference; lastKnownFileType = sourcecode.c.objc; path = main.m; sourceTree = "<group>"; };
		0816C1932137542000AF3F87 /* testMultipleAbs */ = {isa = PBXFileReference; explicitFileType = "compiled.mach-o.executable"; includeInIndex = 0; path = testMultipleAbs; sourceTree = BUILT_PRODUCTS_DIR; };
		08A8B4BB2143087000FFB89F /* main.m */ = {isa = PBXFileReference; lastKnownFileType = sourcecode.c.objc; path = main.m; sourceTree = "<group>"; };
		08A8B4CF2143088500FFB89F /* range_add_mult */ = {isa = PBXFileReference; explicitFileType = "compiled.mach-o.executable"; includeInIndex = 0; path = range_add_mult; sourceTree = BUILT_PRODUCTS_DIR; };
		08C53F83214092F500A8271C /* main.m */ = {isa = PBXFileReference; lastKnownFileType = sourcecode.c.objc; path = main.m; sourceTree = "<group>"; };
		08C53F972140932100A8271C /* testAbs */ = {isa = PBXFileReference; explicitFileType = "compiled.mach-o.executable"; includeInIndex = 0; path = testAbs; sourceTree = BUILT_PRODUCTS_DIR; };
		08F7EF08213EAB9E00AD66D4 /* main.m */ = {isa = PBXFileReference; lastKnownFileType = sourcecode.c.objc; path = main.m; sourceTree = "<group>"; };
		08F7EF1C213EABAB00AD66D4 /* pid_diff_opt1 */ = {isa = PBXFileReference; explicitFileType = "compiled.mach-o.executable"; includeInIndex = 0; path = pid_diff_opt1; sourceTree = BUILT_PRODUCTS_DIR; };
		5BD8BEE820EFAEA500AF6787 /* rumps */ = {isa = PBXFileReference; explicitFileType = "compiled.mach-o.executable"; includeInIndex = 0; path = rumps; sourceTree = BUILT_PRODUCTS_DIR; };
		5BD8BEEA20EFAEA500AF6787 /* main.m */ = {isa = PBXFileReference; lastKnownFileType = sourcecode.c.objc; path = main.m; sourceTree = "<group>"; };
		5BD8BEF020EFB26700AF6787 /* CPUKernel.framework */ = {isa = PBXFileReference; explicitFileType = wrapper.framework; path = CPUKernel.framework; sourceTree = BUILT_PRODUCTS_DIR; };
		5BD8BEF220EFB26700AF6787 /* objcp.framework */ = {isa = PBXFileReference; explicitFileType = wrapper.framework; path = objcp.framework; sourceTree = BUILT_PRODUCTS_DIR; };
		5BD8BEF420EFB26700AF6787 /* ORFoundation.framework */ = {isa = PBXFileReference; explicitFileType = wrapper.framework; path = ORFoundation.framework; sourceTree = BUILT_PRODUCTS_DIR; };
		5BD8BEF620EFB26700AF6787 /* ORModeling.framework */ = {isa = PBXFileReference; explicitFileType = wrapper.framework; path = ORModeling.framework; sourceTree = BUILT_PRODUCTS_DIR; };
		5BD8BEF820EFB26700AF6787 /* ORProgram.framework */ = {isa = PBXFileReference; explicitFileType = wrapper.framework; path = ORProgram.framework; sourceTree = BUILT_PRODUCTS_DIR; };
		5BD8BEFA20EFB26700AF6787 /* ORUtilities.framework */ = {isa = PBXFileReference; explicitFileType = wrapper.framework; path = ORUtilities.framework; sourceTree = BUILT_PRODUCTS_DIR; };
		5BD8BEFC20EFB2DA00AF6787 /* ORCmdLineArgs.m */ = {isa = PBXFileReference; lastKnownFileType = sourcecode.c.objc; name = ORCmdLineArgs.m; path = ../ORCmdLineArgs.m; sourceTree = "<group>"; };
		5BD8BEFE20EFB31A00AF6787 /* ORCmdLineArgs.h */ = {isa = PBXFileReference; lastKnownFileType = sourcecode.c.h; name = ORCmdLineArgs.h; path = ../ORCmdLineArgs.h; sourceTree = "<group>"; };
/* End PBXFileReference section */

/* Begin PBXFrameworksBuildPhase section */
		0816C1882137542000AF3F87 /* Frameworks */ = {
			isa = PBXFrameworksBuildPhase;
			buildActionMask = 2147483647;
			files = (
				0816C1892137542000AF3F87 /* CPUKernel.framework in Frameworks */,
				0816C18A2137542000AF3F87 /* objcp.framework in Frameworks */,
				0816C18B2137542000AF3F87 /* ORFoundation.framework in Frameworks */,
				0816C18C2137542000AF3F87 /* ORModeling.framework in Frameworks */,
				0816C18D2137542000AF3F87 /* ORProgram.framework in Frameworks */,
				0816C18E2137542000AF3F87 /* ORUtilities.framework in Frameworks */,
			);
			runOnlyForDeploymentPostprocessing = 0;
		};
		08A8B4C42143088500FFB89F /* Frameworks */ = {
			isa = PBXFrameworksBuildPhase;
			buildActionMask = 2147483647;
			files = (
				08A8B4C52143088500FFB89F /* CPUKernel.framework in Frameworks */,
				08A8B4C62143088500FFB89F /* objcp.framework in Frameworks */,
				08A8B4C72143088500FFB89F /* ORFoundation.framework in Frameworks */,
				08A8B4C82143088500FFB89F /* ORModeling.framework in Frameworks */,
				08A8B4C92143088500FFB89F /* ORProgram.framework in Frameworks */,
				08A8B4CA2143088500FFB89F /* ORUtilities.framework in Frameworks */,
			);
			runOnlyForDeploymentPostprocessing = 0;
		};
		08C53F8C2140932100A8271C /* Frameworks */ = {
			isa = PBXFrameworksBuildPhase;
			buildActionMask = 2147483647;
			files = (
				08C53F8D2140932100A8271C /* CPUKernel.framework in Frameworks */,
				08C53F8E2140932100A8271C /* objcp.framework in Frameworks */,
				08C53F8F2140932100A8271C /* ORFoundation.framework in Frameworks */,
				08C53F902140932100A8271C /* ORModeling.framework in Frameworks */,
				08C53F912140932100A8271C /* ORProgram.framework in Frameworks */,
				08C53F922140932100A8271C /* ORUtilities.framework in Frameworks */,
			);
			runOnlyForDeploymentPostprocessing = 0;
		};
		08F7EF11213EABAB00AD66D4 /* Frameworks */ = {
			isa = PBXFrameworksBuildPhase;
			buildActionMask = 2147483647;
			files = (
				08F7EF12213EABAB00AD66D4 /* CPUKernel.framework in Frameworks */,
				08F7EF13213EABAB00AD66D4 /* objcp.framework in Frameworks */,
				08F7EF14213EABAB00AD66D4 /* ORFoundation.framework in Frameworks */,
				08F7EF15213EABAB00AD66D4 /* ORModeling.framework in Frameworks */,
				08F7EF16213EABAB00AD66D4 /* ORProgram.framework in Frameworks */,
				08F7EF17213EABAB00AD66D4 /* ORUtilities.framework in Frameworks */,
			);
			runOnlyForDeploymentPostprocessing = 0;
		};
		5BD8BEE520EFAEA500AF6787 /* Frameworks */ = {
			isa = PBXFrameworksBuildPhase;
			buildActionMask = 2147483647;
			files = (
				5BD8BEF120EFB26700AF6787 /* CPUKernel.framework in Frameworks */,
				5BD8BEF320EFB26700AF6787 /* objcp.framework in Frameworks */,
				5BD8BEF520EFB26700AF6787 /* ORFoundation.framework in Frameworks */,
				5BD8BEF720EFB26700AF6787 /* ORModeling.framework in Frameworks */,
				5BD8BEF920EFB26700AF6787 /* ORProgram.framework in Frameworks */,
				5BD8BEFB20EFB26700AF6787 /* ORUtilities.framework in Frameworks */,
			);
			runOnlyForDeploymentPostprocessing = 0;
		};
/* End PBXFrameworksBuildPhase section */

/* Begin PBXGroup section */
		0816C17E2137541700AF3F87 /* testMultipleAbs */ = {
			isa = PBXGroup;
			children = (
				0816C17F2137541700AF3F87 /* main.m */,
			);
			path = testMultipleAbs;
			sourceTree = "<group>";
		};
		08A8B4BA2143087000FFB89F /* range_add_mult */ = {
			isa = PBXGroup;
			children = (
				08A8B4BB2143087000FFB89F /* main.m */,
			);
			path = range_add_mult;
			sourceTree = "<group>";
		};
		08C53F82214092F500A8271C /* testAbs */ = {
			isa = PBXGroup;
			children = (
				08C53F83214092F500A8271C /* main.m */,
			);
			path = testAbs;
			sourceTree = "<group>";
		};
		08F7EF07213EAB9E00AD66D4 /* pid_diff_opt1 */ = {
			isa = PBXGroup;
			children = (
				08F7EF08213EAB9E00AD66D4 /* main.m */,
			);
			path = pid_diff_opt1;
			sourceTree = "<group>";
		};
		5BD8BEE920EFAEA500AF6787 /* rumps */ = {
			isa = PBXGroup;
			children = (
				5BD8BEEA20EFAEA500AF6787 /* main.m */,
			);
			path = rumps;
			sourceTree = "<group>";
		};
		5BD8BEEF20EFB26700AF6787 /* Frameworks */ = {
			isa = PBXGroup;
			children = (
				5BD8BEF020EFB26700AF6787 /* CPUKernel.framework */,
				5BD8BEF220EFB26700AF6787 /* objcp.framework */,
				5BD8BEF420EFB26700AF6787 /* ORFoundation.framework */,
				5BD8BEF620EFB26700AF6787 /* ORModeling.framework */,
				5BD8BEF820EFB26700AF6787 /* ORProgram.framework */,
				5BD8BEFA20EFB26700AF6787 /* ORUtilities.framework */,
			);
			name = Frameworks;
			sourceTree = "<group>";
		};
		5BF639F51F7D5345009DA54A = {
			isa = PBXGroup;
			children = (
				5BD8BEFE20EFB31A00AF6787 /* ORCmdLineArgs.h */,
				5BD8BEFC20EFB2DA00AF6787 /* ORCmdLineArgs.m */,
				5BD8BEE920EFAEA500AF6787 /* rumps */,
				0816C17E2137541700AF3F87 /* testMultipleAbs */,
				08F7EF07213EAB9E00AD66D4 /* pid_diff_opt1 */,
				08C53F82214092F500A8271C /* testAbs */,
				08A8B4BA2143087000FFB89F /* range_add_mult */,
				5BF639FF1F7D5345009DA54A /* Products */,
				5BD8BEEF20EFB26700AF6787 /* Frameworks */,
			);
			sourceTree = "<group>";
		};
		5BF639FF1F7D5345009DA54A /* Products */ = {
			isa = PBXGroup;
			children = (
				5BD8BEE820EFAEA500AF6787 /* rumps */,
				0816C1932137542000AF3F87 /* testMultipleAbs */,
				08F7EF1C213EABAB00AD66D4 /* pid_diff_opt1 */,
				08C53F972140932100A8271C /* testAbs */,
				08A8B4CF2143088500FFB89F /* range_add_mult */,
			);
			name = Products;
			sourceTree = "<group>";
		};
/* End PBXGroup section */

/* Begin PBXNativeTarget section */
		0816C1842137542000AF3F87 /* testMultipleAbs */ = {
			isa = PBXNativeTarget;
			buildConfigurationList = 0816C1902137542000AF3F87 /* Build configuration list for PBXNativeTarget "testMultipleAbs" */;
			buildPhases = (
				0816C1852137542000AF3F87 /* Sources */,
				0816C1882137542000AF3F87 /* Frameworks */,
				0816C18F2137542000AF3F87 /* CopyFiles */,
			);
			buildRules = (
			);
			dependencies = (
			);
			name = testMultipleAbs;
			productName = rumps;
			productReference = 0816C1932137542000AF3F87 /* testMultipleAbs */;
			productType = "com.apple.product-type.tool";
		};
		08A8B4C02143088500FFB89F /* range_add_mult */ = {
			isa = PBXNativeTarget;
			buildConfigurationList = 08A8B4CC2143088500FFB89F /* Build configuration list for PBXNativeTarget "range_add_mult" */;
			buildPhases = (
				08A8B4C12143088500FFB89F /* Sources */,
				08A8B4C42143088500FFB89F /* Frameworks */,
				08A8B4CB2143088500FFB89F /* CopyFiles */,
			);
			buildRules = (
			);
			dependencies = (
			);
			name = range_add_mult;
			productName = rumps;
			productReference = 08A8B4CF2143088500FFB89F /* range_add_mult */;
			productType = "com.apple.product-type.tool";
		};
		08C53F882140932100A8271C /* testAbs */ = {
			isa = PBXNativeTarget;
			buildConfigurationList = 08C53F942140932100A8271C /* Build configuration list for PBXNativeTarget "testAbs" */;
			buildPhases = (
				08C53F892140932100A8271C /* Sources */,
				08C53F8C2140932100A8271C /* Frameworks */,
				08C53F932140932100A8271C /* CopyFiles */,
			);
			buildRules = (
			);
			dependencies = (
			);
			name = testAbs;
			productName = rumps;
			productReference = 08C53F972140932100A8271C /* testAbs */;
			productType = "com.apple.product-type.tool";
		};
		08F7EF0D213EABAB00AD66D4 /* pid_diff_opt1 */ = {
			isa = PBXNativeTarget;
			buildConfigurationList = 08F7EF19213EABAB00AD66D4 /* Build configuration list for PBXNativeTarget "pid_diff_opt1" */;
			buildPhases = (
				08F7EF0E213EABAB00AD66D4 /* Sources */,
				08F7EF11213EABAB00AD66D4 /* Frameworks */,
				08F7EF18213EABAB00AD66D4 /* CopyFiles */,
			);
			buildRules = (
			);
			dependencies = (
			);
			name = pid_diff_opt1;
			productName = rumps;
			productReference = 08F7EF1C213EABAB00AD66D4 /* pid_diff_opt1 */;
			productType = "com.apple.product-type.tool";
		};
		5BD8BEE720EFAEA500AF6787 /* rumps */ = {
			isa = PBXNativeTarget;
			buildConfigurationList = 5BD8BEEC20EFAEA500AF6787 /* Build configuration list for PBXNativeTarget "rumps" */;
			buildPhases = (
				5BD8BEE420EFAEA500AF6787 /* Sources */,
				5BD8BEE520EFAEA500AF6787 /* Frameworks */,
				5BD8BEE620EFAEA500AF6787 /* CopyFiles */,
			);
			buildRules = (
			);
			dependencies = (
			);
			name = rumps;
			productName = rumps;
			productReference = 5BD8BEE820EFAEA500AF6787 /* rumps */;
			productType = "com.apple.product-type.tool";
		};
/* End PBXNativeTarget section */

/* Begin PBXProject section */
		5BF639F61F7D5345009DA54A /* Project object */ = {
			isa = PBXProject;
			attributes = {
				LastUpgradeCheck = 0940;
				ORGANIZATIONNAME = "Laurent Michel";
				TargetAttributes = {
					0816C1842137542000AF3F87 = {
						ProvisioningStyle = Automatic;
					};
					08A8B4C02143088500FFB89F = {
						ProvisioningStyle = Automatic;
					};
					08C53F882140932100A8271C = {
						ProvisioningStyle = Automatic;
					};
					08F7EF0D213EABAB00AD66D4 = {
						ProvisioningStyle = Automatic;
					};
					5BD8BEE720EFAEA500AF6787 = {
						CreatedOnToolsVersion = 9.4.1;
						ProvisioningStyle = Automatic;
					};
				};
			};
			buildConfigurationList = 5BF639F91F7D5345009DA54A /* Build configuration list for PBXProject "Float" */;
			compatibilityVersion = "Xcode 8.0";
			developmentRegion = en;
			hasScannedForEncodings = 0;
			knownRegions = (
				en,
			);
			mainGroup = 5BF639F51F7D5345009DA54A;
			productRefGroup = 5BF639FF1F7D5345009DA54A /* Products */;
			projectDirPath = "";
			projectRoot = "";
			targets = (
				5BD8BEE720EFAEA500AF6787 /* rumps */,
				0816C1842137542000AF3F87 /* testMultipleAbs */,
				08F7EF0D213EABAB00AD66D4 /* pid_diff_opt1 */,
				08C53F882140932100A8271C /* testAbs */,
				08A8B4C02143088500FFB89F /* range_add_mult */,
			);
		};
/* End PBXProject section */

/* Begin PBXSourcesBuildPhase section */
		0816C1852137542000AF3F87 /* Sources */ = {
			isa = PBXSourcesBuildPhase;
			buildActionMask = 2147483647;
			files = (
				0816C1942137543000AF3F87 /* main.m in Sources */,
				0816C1862137542000AF3F87 /* ORCmdLineArgs.m in Sources */,
			);
			runOnlyForDeploymentPostprocessing = 0;
		};
		08A8B4C12143088500FFB89F /* Sources */ = {
			isa = PBXSourcesBuildPhase;
			buildActionMask = 2147483647;
			files = (
				08A8B4D02143089A00FFB89F /* main.m in Sources */,
				08A8B4C32143088500FFB89F /* ORCmdLineArgs.m in Sources */,
			);
			runOnlyForDeploymentPostprocessing = 0;
		};
		08C53F892140932100A8271C /* Sources */ = {
			isa = PBXSourcesBuildPhase;
			buildActionMask = 2147483647;
			files = (
				08C53F982140933F00A8271C /* main.m in Sources */,
				08C53F8B2140932100A8271C /* ORCmdLineArgs.m in Sources */,
			);
			runOnlyForDeploymentPostprocessing = 0;
		};
		08F7EF0E213EABAB00AD66D4 /* Sources */ = {
			isa = PBXSourcesBuildPhase;
			buildActionMask = 2147483647;
			files = (
				08F7EF1D213EABBF00AD66D4 /* main.m in Sources */,
				08F7EF10213EABAB00AD66D4 /* ORCmdLineArgs.m in Sources */,
			);
			runOnlyForDeploymentPostprocessing = 0;
		};
		5BD8BEE420EFAEA500AF6787 /* Sources */ = {
			isa = PBXSourcesBuildPhase;
			buildActionMask = 2147483647;
			files = (
				5BD8BEFD20EFB2DB00AF6787 /* ORCmdLineArgs.m in Sources */,
				5BD8BEEB20EFAEA500AF6787 /* main.m in Sources */,
			);
			runOnlyForDeploymentPostprocessing = 0;
		};
/* End PBXSourcesBuildPhase section */

/* Begin XCBuildConfiguration section */
		0816C1912137542000AF3F87 /* Debug */ = {
			isa = XCBuildConfiguration;
			buildSettings = {
				CLANG_ENABLE_OBJC_ARC = NO;
				CLANG_ENABLE_OBJC_WEAK = YES;
				CODE_SIGN_STYLE = Automatic;
				MACOSX_DEPLOYMENT_TARGET = 10.12;
				PRODUCT_NAME = "$(TARGET_NAME)";
			};
			name = Debug;
		};
		0816C1922137542000AF3F87 /* Release */ = {
			isa = XCBuildConfiguration;
			buildSettings = {
				CLANG_ENABLE_OBJC_ARC = NO;
				CLANG_ENABLE_OBJC_WEAK = YES;
				CODE_SIGN_STYLE = Automatic;
				MACOSX_DEPLOYMENT_TARGET = 10.12;
				PRODUCT_NAME = "$(TARGET_NAME)";
			};
			name = Release;
		};
		08A8B4CD2143088500FFB89F /* Debug */ = {
			isa = XCBuildConfiguration;
			buildSettings = {
				CLANG_ENABLE_OBJC_ARC = NO;
				CLANG_ENABLE_OBJC_WEAK = YES;
				CODE_SIGN_STYLE = Automatic;
				MACOSX_DEPLOYMENT_TARGET = 10.12;
				PRODUCT_NAME = "$(TARGET_NAME)";
			};
			name = Debug;
		};
		08A8B4CE2143088500FFB89F /* Release */ = {
			isa = XCBuildConfiguration;
			buildSettings = {
				CLANG_ENABLE_OBJC_ARC = NO;
				CLANG_ENABLE_OBJC_WEAK = YES;
				CODE_SIGN_STYLE = Automatic;
				MACOSX_DEPLOYMENT_TARGET = 10.12;
				PRODUCT_NAME = "$(TARGET_NAME)";
			};
			name = Release;
		};
		08C53F952140932100A8271C /* Debug */ = {
			isa = XCBuildConfiguration;
			buildSettings = {
				CLANG_ENABLE_OBJC_ARC = NO;
				CLANG_ENABLE_OBJC_WEAK = YES;
				CODE_SIGN_STYLE = Automatic;
				MACOSX_DEPLOYMENT_TARGET = 10.12;
				PRODUCT_NAME = "$(TARGET_NAME)";
			};
			name = Debug;
		};
		08C53F962140932100A8271C /* Release */ = {
			isa = XCBuildConfiguration;
			buildSettings = {
				CLANG_ENABLE_OBJC_ARC = NO;
				CLANG_ENABLE_OBJC_WEAK = YES;
				CODE_SIGN_STYLE = Automatic;
				MACOSX_DEPLOYMENT_TARGET = 10.12;
				PRODUCT_NAME = "$(TARGET_NAME)";
			};
			name = Release;
		};
		08F7EF1A213EABAB00AD66D4 /* Debug */ = {
			isa = XCBuildConfiguration;
			buildSettings = {
				CLANG_ENABLE_OBJC_ARC = NO;
				CLANG_ENABLE_OBJC_WEAK = YES;
				CODE_SIGN_STYLE = Automatic;
				MACOSX_DEPLOYMENT_TARGET = 10.12;
				PRODUCT_NAME = "$(TARGET_NAME)";
			};
			name = Debug;
		};
		08F7EF1B213EABAB00AD66D4 /* Release */ = {
			isa = XCBuildConfiguration;
			buildSettings = {
				CLANG_ENABLE_OBJC_ARC = NO;
				CLANG_ENABLE_OBJC_WEAK = YES;
				CODE_SIGN_STYLE = Automatic;
				MACOSX_DEPLOYMENT_TARGET = 10.12;
				PRODUCT_NAME = "$(TARGET_NAME)";
			};
			name = Release;
		};
		5BD8BEED20EFAEA500AF6787 /* Debug */ = {
			isa = XCBuildConfiguration;
			buildSettings = {
				CLANG_ENABLE_OBJC_ARC = NO;
				CLANG_ENABLE_OBJC_WEAK = YES;
				CODE_SIGN_STYLE = Automatic;
				MACOSX_DEPLOYMENT_TARGET = 10.12;
				PRODUCT_NAME = "$(TARGET_NAME)";
			};
			name = Debug;
		};
		5BD8BEEE20EFAEA500AF6787 /* Release */ = {
			isa = XCBuildConfiguration;
			buildSettings = {
				CLANG_ENABLE_OBJC_ARC = NO;
				CLANG_ENABLE_OBJC_WEAK = YES;
				CODE_SIGN_STYLE = Automatic;
				MACOSX_DEPLOYMENT_TARGET = 10.12;
				PRODUCT_NAME = "$(TARGET_NAME)";
			};
			name = Release;
		};
		5BF63A031F7D5345009DA54A /* Debug */ = {
			isa = XCBuildConfiguration;
			buildSettings = {
				ALWAYS_SEARCH_USER_PATHS = NO;
				CLANG_ANALYZER_NONNULL = YES;
				CLANG_ANALYZER_NUMBER_OBJECT_CONVERSION = YES_AGGRESSIVE;
				CLANG_CXX_LANGUAGE_STANDARD = "gnu++14";
				CLANG_CXX_LIBRARY = "libc++";
				CLANG_ENABLE_MODULES = YES;
				CLANG_ENABLE_OBJC_ARC = YES;
				CLANG_WARN_BLOCK_CAPTURE_AUTORELEASING = YES;
				CLANG_WARN_BOOL_CONVERSION = YES;
				CLANG_WARN_COMMA = YES;
				CLANG_WARN_CONSTANT_CONVERSION = YES;
				CLANG_WARN_DEPRECATED_OBJC_IMPLEMENTATIONS = YES;
				CLANG_WARN_DIRECT_OBJC_ISA_USAGE = YES_ERROR;
				CLANG_WARN_DOCUMENTATION_COMMENTS = YES;
				CLANG_WARN_EMPTY_BODY = YES;
				CLANG_WARN_ENUM_CONVERSION = YES;
				CLANG_WARN_INFINITE_RECURSION = YES;
				CLANG_WARN_INT_CONVERSION = YES;
				CLANG_WARN_NON_LITERAL_NULL_CONVERSION = YES;
				CLANG_WARN_OBJC_IMPLICIT_RETAIN_SELF = YES;
				CLANG_WARN_OBJC_LITERAL_CONVERSION = YES;
				CLANG_WARN_OBJC_ROOT_CLASS = YES_ERROR;
				CLANG_WARN_RANGE_LOOP_ANALYSIS = YES;
				CLANG_WARN_STRICT_PROTOTYPES = YES;
				CLANG_WARN_SUSPICIOUS_MOVE = YES;
				CLANG_WARN_UNGUARDED_AVAILABILITY = YES_AGGRESSIVE;
				CLANG_WARN_UNREACHABLE_CODE = YES;
				CLANG_WARN__DUPLICATE_METHOD_MATCH = YES;
				CODE_SIGN_IDENTITY = "-";
				COPY_PHASE_STRIP = NO;
				DEBUG_INFORMATION_FORMAT = dwarf;
				ENABLE_STRICT_OBJC_MSGSEND = YES;
				ENABLE_TESTABILITY = YES;
				GCC_C_LANGUAGE_STANDARD = gnu11;
				GCC_DYNAMIC_NO_PIC = NO;
				GCC_NO_COMMON_BLOCKS = YES;
				GCC_OPTIMIZATION_LEVEL = 0;
				GCC_PREPROCESSOR_DEFINITIONS = (
					"DEBUG=1",
					"$(inherited)",
				);
				GCC_WARN_64_TO_32_BIT_CONVERSION = YES;
				GCC_WARN_ABOUT_RETURN_TYPE = YES_ERROR;
				GCC_WARN_UNDECLARED_SELECTOR = YES;
				GCC_WARN_UNINITIALIZED_AUTOS = YES_AGGRESSIVE;
				GCC_WARN_UNUSED_FUNCTION = YES;
				GCC_WARN_UNUSED_VARIABLE = YES;
				MACOSX_DEPLOYMENT_TARGET = 10.12;
				MTL_ENABLE_DEBUG_INFO = YES;
				ONLY_ACTIVE_ARCH = YES;
				SDKROOT = macosx;
			};
			name = Debug;
		};
		5BF63A041F7D5345009DA54A /* Release */ = {
			isa = XCBuildConfiguration;
			buildSettings = {
				ALWAYS_SEARCH_USER_PATHS = NO;
				CLANG_ANALYZER_NONNULL = YES;
				CLANG_ANALYZER_NUMBER_OBJECT_CONVERSION = YES_AGGRESSIVE;
				CLANG_CXX_LANGUAGE_STANDARD = "gnu++14";
				CLANG_CXX_LIBRARY = "libc++";
				CLANG_ENABLE_MODULES = YES;
				CLANG_ENABLE_OBJC_ARC = YES;
				CLANG_WARN_BLOCK_CAPTURE_AUTORELEASING = YES;
				CLANG_WARN_BOOL_CONVERSION = YES;
				CLANG_WARN_COMMA = YES;
				CLANG_WARN_CONSTANT_CONVERSION = YES;
				CLANG_WARN_DEPRECATED_OBJC_IMPLEMENTATIONS = YES;
				CLANG_WARN_DIRECT_OBJC_ISA_USAGE = YES_ERROR;
				CLANG_WARN_DOCUMENTATION_COMMENTS = YES;
				CLANG_WARN_EMPTY_BODY = YES;
				CLANG_WARN_ENUM_CONVERSION = YES;
				CLANG_WARN_INFINITE_RECURSION = YES;
				CLANG_WARN_INT_CONVERSION = YES;
				CLANG_WARN_NON_LITERAL_NULL_CONVERSION = YES;
				CLANG_WARN_OBJC_IMPLICIT_RETAIN_SELF = YES;
				CLANG_WARN_OBJC_LITERAL_CONVERSION = YES;
				CLANG_WARN_OBJC_ROOT_CLASS = YES_ERROR;
				CLANG_WARN_RANGE_LOOP_ANALYSIS = YES;
				CLANG_WARN_STRICT_PROTOTYPES = YES;
				CLANG_WARN_SUSPICIOUS_MOVE = YES;
				CLANG_WARN_UNGUARDED_AVAILABILITY = YES_AGGRESSIVE;
				CLANG_WARN_UNREACHABLE_CODE = YES;
				CLANG_WARN__DUPLICATE_METHOD_MATCH = YES;
				CODE_SIGN_IDENTITY = "-";
				COPY_PHASE_STRIP = NO;
				DEBUG_INFORMATION_FORMAT = "dwarf-with-dsym";
				ENABLE_NS_ASSERTIONS = NO;
				ENABLE_STRICT_OBJC_MSGSEND = YES;
				GCC_C_LANGUAGE_STANDARD = gnu11;
				GCC_NO_COMMON_BLOCKS = YES;
				GCC_WARN_64_TO_32_BIT_CONVERSION = YES;
				GCC_WARN_ABOUT_RETURN_TYPE = YES_ERROR;
				GCC_WARN_UNDECLARED_SELECTOR = YES;
				GCC_WARN_UNINITIALIZED_AUTOS = YES_AGGRESSIVE;
				GCC_WARN_UNUSED_FUNCTION = YES;
				GCC_WARN_UNUSED_VARIABLE = YES;
				MACOSX_DEPLOYMENT_TARGET = 10.12;
				MTL_ENABLE_DEBUG_INFO = NO;
				SDKROOT = macosx;
			};
			name = Release;
		};
/* End XCBuildConfiguration section */

/* Begin XCConfigurationList section */
		0816C1902137542000AF3F87 /* Build configuration list for PBXNativeTarget "testMultipleAbs" */ = {
			isa = XCConfigurationList;
			buildConfigurations = (
				0816C1912137542000AF3F87 /* Debug */,
				0816C1922137542000AF3F87 /* Release */,
			);
			defaultConfigurationIsVisible = 0;
			defaultConfigurationName = Release;
		};
		08A8B4CC2143088500FFB89F /* Build configuration list for PBXNativeTarget "range_add_mult" */ = {
			isa = XCConfigurationList;
			buildConfigurations = (
				08A8B4CD2143088500FFB89F /* Debug */,
				08A8B4CE2143088500FFB89F /* Release */,
			);
			defaultConfigurationIsVisible = 0;
			defaultConfigurationName = Release;
		};
		08C53F942140932100A8271C /* Build configuration list for PBXNativeTarget "testAbs" */ = {
			isa = XCConfigurationList;
			buildConfigurations = (
				08C53F952140932100A8271C /* Debug */,
				08C53F962140932100A8271C /* Release */,
			);
			defaultConfigurationIsVisible = 0;
			defaultConfigurationName = Release;
		};
		08F7EF19213EABAB00AD66D4 /* Build configuration list for PBXNativeTarget "pid_diff_opt1" */ = {
			isa = XCConfigurationList;
			buildConfigurations = (
				08F7EF1A213EABAB00AD66D4 /* Debug */,
				08F7EF1B213EABAB00AD66D4 /* Release */,
			);
			defaultConfigurationIsVisible = 0;
			defaultConfigurationName = Release;
		};
		5BD8BEEC20EFAEA500AF6787 /* Build configuration list for PBXNativeTarget "rumps" */ = {
			isa = XCConfigurationList;
			buildConfigurations = (
				5BD8BEED20EFAEA500AF6787 /* Debug */,
				5BD8BEEE20EFAEA500AF6787 /* Release */,
			);
			defaultConfigurationIsVisible = 0;
			defaultConfigurationName = Release;
		};
		5BF639F91F7D5345009DA54A /* Build configuration list for PBXProject "Float" */ = {
			isa = XCConfigurationList;
			buildConfigurations = (
				5BF63A031F7D5345009DA54A /* Debug */,
				5BF63A041F7D5345009DA54A /* Release */,
			);
			defaultConfigurationIsVisible = 0;
			defaultConfigurationName = Release;
		};
/* End XCConfigurationList section */
	};
	rootObject = 5BF639F61F7D5345009DA54A /* Project object */;
}
