// !$*UTF8*$!
{
	archiveVersion = 1;
	classes = {
	};
	objectVersion = 46;
	objects = {

/* Begin PBXBuildFile section */
		5B469DA11B54115000103530 /* main.swift in Sources */ = {isa = PBXBuildFile; fileRef = 5B469DA01B54115000103530 /* main.swift */; };
		5B469DAE1B54117300103530 /* CPUKernel.framework in Frameworks */ = {isa = PBXBuildFile; fileRef = 5B469DA71B54117300103530 /* CPUKernel.framework */; };
		5B469DAF1B54117300103530 /* objcp.framework in Frameworks */ = {isa = PBXBuildFile; fileRef = 5B469DA81B54117300103530 /* objcp.framework */; };
		5B469DB01B54117300103530 /* objmp.framework in Frameworks */ = {isa = PBXBuildFile; fileRef = 5B469DA91B54117300103530 /* objmp.framework */; };
		5B469DB11B54117300103530 /* ORFoundation.framework in Frameworks */ = {isa = PBXBuildFile; fileRef = 5B469DAA1B54117300103530 /* ORFoundation.framework */; };
		5B469DB21B54117300103530 /* ORModeling.framework in Frameworks */ = {isa = PBXBuildFile; fileRef = 5B469DAB1B54117300103530 /* ORModeling.framework */; };
		5B469DB31B54117300103530 /* ORProgram.framework in Frameworks */ = {isa = PBXBuildFile; fileRef = 5B469DAC1B54117300103530 /* ORProgram.framework */; };
		5B469DB41B54117300103530 /* ORUtilities.framework in Frameworks */ = {isa = PBXBuildFile; fileRef = 5B469DAD1B54117300103530 /* ORUtilities.framework */; };
		5B469DB61B5411E600103530 /* utilities.swift in Sources */ = {isa = PBXBuildFile; fileRef = 5B469DB51B5411E600103530 /* utilities.swift */; };
/* End PBXBuildFile section */

/* Begin PBXCopyFilesBuildPhase section */
		5B469D9B1B54115000103530 /* CopyFiles */ = {
			isa = PBXCopyFilesBuildPhase;
			buildActionMask = 2147483647;
			dstPath = /usr/share/man/man1/;
			dstSubfolderSpec = 0;
			files = (
			);
			runOnlyForDeploymentPostprocessing = 1;
		};
/* End PBXCopyFilesBuildPhase section */

/* Begin PBXFileReference section */
		5B469D9D1B54115000103530 /* queensSwift */ = {isa = PBXFileReference; explicitFileType = "compiled.mach-o.executable"; includeInIndex = 0; path = queensSwift; sourceTree = BUILT_PRODUCTS_DIR; };
		5B469DA01B54115000103530 /* main.swift */ = {isa = PBXFileReference; lastKnownFileType = sourcecode.swift; path = main.swift; sourceTree = "<group>"; };
		5B469DA71B54117300103530 /* CPUKernel.framework */ = {isa = PBXFileReference; lastKnownFileType = wrapper.framework; name = CPUKernel.framework; path = ../../../Library/Frameworks/CPUKernel.framework; sourceTree = "<group>"; };
		5B469DA81B54117300103530 /* objcp.framework */ = {isa = PBXFileReference; lastKnownFileType = wrapper.framework; name = objcp.framework; path = ../../../Library/Frameworks/objcp.framework; sourceTree = "<group>"; };
		5B469DA91B54117300103530 /* objmp.framework */ = {isa = PBXFileReference; lastKnownFileType = wrapper.framework; name = objmp.framework; path = ../../../Library/Frameworks/objmp.framework; sourceTree = "<group>"; };
		5B469DAA1B54117300103530 /* ORFoundation.framework */ = {isa = PBXFileReference; lastKnownFileType = wrapper.framework; name = ORFoundation.framework; path = ../../../Library/Frameworks/ORFoundation.framework; sourceTree = "<group>"; };
		5B469DAB1B54117300103530 /* ORModeling.framework */ = {isa = PBXFileReference; lastKnownFileType = wrapper.framework; name = ORModeling.framework; path = ../../../Library/Frameworks/ORModeling.framework; sourceTree = "<group>"; };
		5B469DAC1B54117300103530 /* ORProgram.framework */ = {isa = PBXFileReference; lastKnownFileType = wrapper.framework; name = ORProgram.framework; path = ../../../Library/Frameworks/ORProgram.framework; sourceTree = "<group>"; };
		5B469DAD1B54117300103530 /* ORUtilities.framework */ = {isa = PBXFileReference; lastKnownFileType = wrapper.framework; name = ORUtilities.framework; path = ../../../Library/Frameworks/ORUtilities.framework; sourceTree = "<group>"; };
		5B469DB51B5411E600103530 /* utilities.swift */ = {isa = PBXFileReference; fileEncoding = 4; lastKnownFileType = sourcecode.swift; path = utilities.swift; sourceTree = "<group>"; };
/* End PBXFileReference section */

/* Begin PBXFrameworksBuildPhase section */
		5B469D9A1B54115000103530 /* Frameworks */ = {
			isa = PBXFrameworksBuildPhase;
			buildActionMask = 2147483647;
			files = (
				5B469DAE1B54117300103530 /* CPUKernel.framework in Frameworks */,
				5B469DAF1B54117300103530 /* objcp.framework in Frameworks */,
				5B469DB01B54117300103530 /* objmp.framework in Frameworks */,
				5B469DB11B54117300103530 /* ORFoundation.framework in Frameworks */,
				5B469DB21B54117300103530 /* ORModeling.framework in Frameworks */,
				5B469DB31B54117300103530 /* ORProgram.framework in Frameworks */,
				5B469DB41B54117300103530 /* ORUtilities.framework in Frameworks */,
			);
			runOnlyForDeploymentPostprocessing = 0;
		};
/* End PBXFrameworksBuildPhase section */

/* Begin PBXGroup section */
		5B469D941B54115000103530 = {
			isa = PBXGroup;
			children = (
				5B469DA71B54117300103530 /* CPUKernel.framework */,
				5B469DA81B54117300103530 /* objcp.framework */,
				5B469DA91B54117300103530 /* objmp.framework */,
				5B469DAA1B54117300103530 /* ORFoundation.framework */,
				5B469DAB1B54117300103530 /* ORModeling.framework */,
				5B469DAC1B54117300103530 /* ORProgram.framework */,
				5B469DAD1B54117300103530 /* ORUtilities.framework */,
				5B469D9F1B54115000103530 /* queensSwift */,
				5B469D9E1B54115000103530 /* Products */,
			);
			sourceTree = "<group>";
		};
		5B469D9E1B54115000103530 /* Products */ = {
			isa = PBXGroup;
			children = (
				5B469D9D1B54115000103530 /* queensSwift */,
			);
			name = Products;
			sourceTree = "<group>";
		};
		5B469D9F1B54115000103530 /* queensSwift */ = {
			isa = PBXGroup;
			children = (
				5B469DA01B54115000103530 /* main.swift */,
				5B469DB51B5411E600103530 /* utilities.swift */,
			);
			path = queensSwift;
			sourceTree = "<group>";
		};
/* End PBXGroup section */

/* Begin PBXNativeTarget section */
		5B469D9C1B54115000103530 /* queensSwift */ = {
			isa = PBXNativeTarget;
			buildConfigurationList = 5B469DA41B54115000103530 /* Build configuration list for PBXNativeTarget "queensSwift" */;
			buildPhases = (
				5B469D991B54115000103530 /* Sources */,
				5B469D9A1B54115000103530 /* Frameworks */,
				5B469D9B1B54115000103530 /* CopyFiles */,
			);
			buildRules = (
			);
			dependencies = (
			);
			name = queensSwift;
			productName = queensSwift;
			productReference = 5B469D9D1B54115000103530 /* queensSwift */;
			productType = "com.apple.product-type.tool";
		};
/* End PBXNativeTarget section */

/* Begin PBXProject section */
		5B469D951B54115000103530 /* Project object */ = {
			isa = PBXProject;
			attributes = {
				LastSwiftUpdateCheck = 0700;
				LastUpgradeCheck = 0640;
				ORGANIZATIONNAME = "Laurent Michel";
				TargetAttributes = {
					5B469D9C1B54115000103530 = {
						CreatedOnToolsVersion = 6.4;
					};
				};
			};
			buildConfigurationList = 5B469D981B54115000103530 /* Build configuration list for PBXProject "queensSwift" */;
			compatibilityVersion = "Xcode 3.2";
			developmentRegion = English;
			hasScannedForEncodings = 0;
			knownRegions = (
				en,
			);
			mainGroup = 5B469D941B54115000103530;
			productRefGroup = 5B469D9E1B54115000103530 /* Products */;
			projectDirPath = "";
			projectRoot = "";
			targets = (
				5B469D9C1B54115000103530 /* queensSwift */,
			);
		};
/* End PBXProject section */

/* Begin PBXSourcesBuildPhase section */
		5B469D991B54115000103530 /* Sources */ = {
			isa = PBXSourcesBuildPhase;
			buildActionMask = 2147483647;
			files = (
				5B469DB61B5411E600103530 /* utilities.swift in Sources */,
				5B469DA11B54115000103530 /* main.swift in Sources */,
			);
			runOnlyForDeploymentPostprocessing = 0;
		};
/* End PBXSourcesBuildPhase section */

/* Begin XCBuildConfiguration section */
		5B469DA21B54115000103530 /* Debug */ = {
			isa = XCBuildConfiguration;
			buildSettings = {
				ALWAYS_SEARCH_USER_PATHS = NO;
				CLANG_CXX_LANGUAGE_STANDARD = "gnu++0x";
				CLANG_CXX_LIBRARY = "libc++";
				CLANG_ENABLE_MODULES = YES;
				CLANG_ENABLE_OBJC_ARC = YES;
				CLANG_WARN_BOOL_CONVERSION = YES;
				CLANG_WARN_CONSTANT_CONVERSION = YES;
				CLANG_WARN_DIRECT_OBJC_ISA_USAGE = YES_ERROR;
				CLANG_WARN_EMPTY_BODY = YES;
				CLANG_WARN_ENUM_CONVERSION = YES;
				CLANG_WARN_INT_CONVERSION = YES;
				CLANG_WARN_OBJC_ROOT_CLASS = YES_ERROR;
				CLANG_WARN_UNREACHABLE_CODE = YES;
				CLANG_WARN__DUPLICATE_METHOD_MATCH = YES;
				COPY_PHASE_STRIP = NO;
				DEBUG_INFORMATION_FORMAT = dwarf;
				ENABLE_STRICT_OBJC_MSGSEND = YES;
				GCC_C_LANGUAGE_STANDARD = gnu99;
				GCC_DYNAMIC_NO_PIC = NO;
				GCC_NO_COMMON_BLOCKS = YES;
				GCC_OPTIMIZATION_LEVEL = 0;
				GCC_PREPROCESSOR_DEFINITIONS = (
					"DEBUG=1",
					"$(inherited)",
				);
				GCC_SYMBOLS_PRIVATE_EXTERN = NO;
				GCC_WARN_64_TO_32_BIT_CONVERSION = YES;
				GCC_WARN_ABOUT_RETURN_TYPE = YES_ERROR;
				GCC_WARN_UNDECLARED_SELECTOR = YES;
				GCC_WARN_UNINITIALIZED_AUTOS = YES_AGGRESSIVE;
				GCC_WARN_UNUSED_FUNCTION = YES;
				GCC_WARN_UNUSED_VARIABLE = YES;
				MACOSX_DEPLOYMENT_TARGET = 10.10;
				MTL_ENABLE_DEBUG_INFO = YES;
				ONLY_ACTIVE_ARCH = YES;
				SDKROOT = macosx;
				SWIFT_OPTIMIZATION_LEVEL = "-Onone";
			};
			name = Debug;
		};
		5B469DA31B54115000103530 /* Release */ = {
			isa = XCBuildConfiguration;
			buildSettings = {
				ALWAYS_SEARCH_USER_PATHS = NO;
				CLANG_CXX_LANGUAGE_STANDARD = "gnu++0x";
				CLANG_CXX_LIBRARY = "libc++";
				CLANG_ENABLE_MODULES = YES;
				CLANG_ENABLE_OBJC_ARC = YES;
				CLANG_WARN_BOOL_CONVERSION = YES;
				CLANG_WARN_CONSTANT_CONVERSION = YES;
				CLANG_WARN_DIRECT_OBJC_ISA_USAGE = YES_ERROR;
				CLANG_WARN_EMPTY_BODY = YES;
				CLANG_WARN_ENUM_CONVERSION = YES;
				CLANG_WARN_INT_CONVERSION = YES;
				CLANG_WARN_OBJC_ROOT_CLASS = YES_ERROR;
				CLANG_WARN_UNREACHABLE_CODE = YES;
				CLANG_WARN__DUPLICATE_METHOD_MATCH = YES;
				COPY_PHASE_STRIP = NO;
				DEBUG_INFORMATION_FORMAT = "dwarf-with-dsym";
				ENABLE_NS_ASSERTIONS = NO;
				ENABLE_STRICT_OBJC_MSGSEND = YES;
				GCC_C_LANGUAGE_STANDARD = gnu99;
				GCC_NO_COMMON_BLOCKS = YES;
				GCC_WARN_64_TO_32_BIT_CONVERSION = YES;
				GCC_WARN_ABOUT_RETURN_TYPE = YES_ERROR;
				GCC_WARN_UNDECLARED_SELECTOR = YES;
				GCC_WARN_UNINITIALIZED_AUTOS = YES_AGGRESSIVE;
				GCC_WARN_UNUSED_FUNCTION = YES;
				GCC_WARN_UNUSED_VARIABLE = YES;
				MACOSX_DEPLOYMENT_TARGET = 10.10;
				MTL_ENABLE_DEBUG_INFO = NO;
				SDKROOT = macosx;
			};
			name = Release;
		};
		5B469DA51B54115000103530 /* Debug */ = {
			isa = XCBuildConfiguration;
			buildSettings = {
				FRAMEWORK_SEARCH_PATHS = (
					"$(inherited)",
					"$(USER_LIBRARY_DIR)/Frameworks",
				);
				PRODUCT_NAME = "$(TARGET_NAME)";
			};
			name = Debug;
		};
		5B469DA61B54115000103530 /* Release */ = {
			isa = XCBuildConfiguration;
			buildSettings = {
				FRAMEWORK_SEARCH_PATHS = (
					"$(inherited)",
					"$(USER_LIBRARY_DIR)/Frameworks",
				);
				PRODUCT_NAME = "$(TARGET_NAME)";
			};
			name = Release;
		};
/* End XCBuildConfiguration section */

/* Begin XCConfigurationList section */
		5B469D981B54115000103530 /* Build configuration list for PBXProject "queensSwift" */ = {
			isa = XCConfigurationList;
			buildConfigurations = (
				5B469DA21B54115000103530 /* Debug */,
				5B469DA31B54115000103530 /* Release */,
			);
			defaultConfigurationIsVisible = 0;
			defaultConfigurationName = Release;
		};
		5B469DA41B54115000103530 /* Build configuration list for PBXNativeTarget "queensSwift" */ = {
			isa = XCConfigurationList;
			buildConfigurations = (
				5B469DA51B54115000103530 /* Debug */,
				5B469DA61B54115000103530 /* Release */,
			);
			defaultConfigurationIsVisible = 0;
			defaultConfigurationName = Release;
		};
/* End XCConfigurationList section */
	};
	rootObject = 5B469D951B54115000103530 /* Project object */;
}
